
Microsoft Visual Studio Solution File, Format Version 12.00
# Visual Studio Version 17
VisualStudioVersion = 17.0.31919.166
MinimumVisualStudioVersion = 10.0.40219.1
Project("{FAE04EC0-301F-11D3-BF4B-00C04F79EFBC}") = "3", "3.csproj", "{F3B5DABB-FFB8-4A42-805C-1B70AE20A3ED}"
EndProject
Global
	GlobalSection(SolutionConfigurationPlatforms) = preSolution
		Debug|Any CPU = Debug|Any CPU
		Release|Any CPU = Release|Any CPU
	EndGlobalSection
	GlobalSection(ProjectConfigurationPlatforms) = postSolution
		{F3B5DABB-FFB8-4A42-805C-1B70AE20A3ED}.Debug|Any CPU.ActiveCfg = Debug|Any CPU
		{F3B5DABB-FFB8-4A42-805C-1B70AE20A3ED}.Debug|Any CPU.Build.0 = Debug|Any CPU
		{F3B5DABB-FFB8-4A42-805C-1B70AE20A3ED}.Release|Any CPU.ActiveCfg = Release|Any CPU
		{F3B5DABB-FFB8-4A42-805C-1B70AE20A3ED}.Release|Any CPU.Build.0 = Release|Any CPU
	EndGlobalSection
	GlobalSection(SolutionProperties) = preSolution
		HideSolutionNode = FALSE
	EndGlobalSection
	GlobalSection(ExtensibilityGlobals) = postSolution
		SolutionGuid = {27774170-8F43-4F70-86F3-803FE60DE057}
	EndGlobalSection
EndGlobal
