
Microsoft Visual Studio Solution File, Format Version 12.00
# Visual Studio Version 16
VisualStudioVersion = 16.0.32002.261
MinimumVisualStudioVersion = 10.0.40219.1
Project("{FAE04EC0-301F-11D3-BF4B-00C04F79EFBC}") = "2", "2\2.csproj", "{40301A06-2A02-457D-B3A1-96924AC5185C}"
EndProject
Global
	GlobalSection(SolutionConfigurationPlatforms) = preSolution
		Debug|Any CPU = Debug|Any CPU
		Release|Any CPU = Release|Any CPU
	EndGlobalSection
	GlobalSection(ProjectConfigurationPlatforms) = postSolution
		{40301A06-2A02-457D-B3A1-96924AC5185C}.Debug|Any CPU.ActiveCfg = Debug|Any CPU
		{40301A06-2A02-457D-B3A1-96924AC5185C}.Debug|Any CPU.Build.0 = Debug|Any CPU
		{40301A06-2A02-457D-B3A1-96924AC5185C}.Release|Any CPU.ActiveCfg = Release|Any CPU
		{40301A06-2A02-457D-B3A1-96924AC5185C}.Release|Any CPU.Build.0 = Release|Any CPU
	EndGlobalSection
	GlobalSection(SolutionProperties) = preSolution
		HideSolutionNode = FALSE
	EndGlobalSection
	GlobalSection(ExtensibilityGlobals) = postSolution
		SolutionGuid = {15AA08A7-D961-44E2-BC3F-C37580765EDE}
	EndGlobalSection
EndGlobal
