
Microsoft Visual Studio Solution File, Format Version 12.00
# Visual Studio Version 16
VisualStudioVersion = 16.0.32002.261
MinimumVisualStudioVersion = 10.0.40219.1
Project("{FAE04EC0-301F-11D3-BF4B-00C04F79EFBC}") = "8", "8\8.csproj", "{0273D49D-1BAC-4DB9-83A8-70FCB4026919}"
EndProject
Global
	GlobalSection(SolutionConfigurationPlatforms) = preSolution
		Debug|Any CPU = Debug|Any CPU
		Release|Any CPU = Release|Any CPU
	EndGlobalSection
	GlobalSection(ProjectConfigurationPlatforms) = postSolution
		{0273D49D-1BAC-4DB9-83A8-70FCB4026919}.Debug|Any CPU.ActiveCfg = Debug|Any CPU
		{0273D49D-1BAC-4DB9-83A8-70FCB4026919}.Debug|Any CPU.Build.0 = Debug|Any CPU
		{0273D49D-1BAC-4DB9-83A8-70FCB4026919}.Release|Any CPU.ActiveCfg = Release|Any CPU
		{0273D49D-1BAC-4DB9-83A8-70FCB4026919}.Release|Any CPU.Build.0 = Release|Any CPU
	EndGlobalSection
	GlobalSection(SolutionProperties) = preSolution
		HideSolutionNode = FALSE
	EndGlobalSection
	GlobalSection(ExtensibilityGlobals) = postSolution
		SolutionGuid = {8DDA29C8-74D3-40C5-883D-1E8199A1C182}
	EndGlobalSection
EndGlobal
