
Microsoft Visual Studio Solution File, Format Version 12.00
# Visual Studio Version 16
VisualStudioVersion = 16.0.32002.261
MinimumVisualStudioVersion = 10.0.40219.1
Project("{FAE04EC0-301F-11D3-BF4B-00C04F79EFBC}") = "6", "6\6.csproj", "{DBAEF641-0E53-4EBB-ACCB-26649BC953DB}"
EndProject
Global
	GlobalSection(SolutionConfigurationPlatforms) = preSolution
		Debug|Any CPU = Debug|Any CPU
		Release|Any CPU = Release|Any CPU
	EndGlobalSection
	GlobalSection(ProjectConfigurationPlatforms) = postSolution
		{DBAEF641-0E53-4EBB-ACCB-26649BC953DB}.Debug|Any CPU.ActiveCfg = Debug|Any CPU
		{DBAEF641-0E53-4EBB-ACCB-26649BC953DB}.Debug|Any CPU.Build.0 = Debug|Any CPU
		{DBAEF641-0E53-4EBB-ACCB-26649BC953DB}.Release|Any CPU.ActiveCfg = Release|Any CPU
		{DBAEF641-0E53-4EBB-ACCB-26649BC953DB}.Release|Any CPU.Build.0 = Release|Any CPU
	EndGlobalSection
	GlobalSection(SolutionProperties) = preSolution
		HideSolutionNode = FALSE
	EndGlobalSection
	GlobalSection(ExtensibilityGlobals) = postSolution
		SolutionGuid = {B5D4300F-DA99-415B-B12E-4DE6D933684D}
	EndGlobalSection
EndGlobal
