
Microsoft Visual Studio Solution File, Format Version 12.00
# Visual Studio Version 16
VisualStudioVersion = 16.0.31729.503
MinimumVisualStudioVersion = 10.0.40219.1
Project("{FAE04EC0-301F-11D3-BF4B-00C04F79EFBC}") = "9", "9.csproj", "{1D368C9E-A408-493C-B3D6-FF87C122DF6E}"
EndProject
Global
	GlobalSection(SolutionConfigurationPlatforms) = preSolution
		Debug|Any CPU = Debug|Any CPU
		Release|Any CPU = Release|Any CPU
	EndGlobalSection
	GlobalSection(ProjectConfigurationPlatforms) = postSolution
		{1D368C9E-A408-493C-B3D6-FF87C122DF6E}.Debug|Any CPU.ActiveCfg = Debug|Any CPU
		{1D368C9E-A408-493C-B3D6-FF87C122DF6E}.Debug|Any CPU.Build.0 = Debug|Any CPU
		{1D368C9E-A408-493C-B3D6-FF87C122DF6E}.Release|Any CPU.ActiveCfg = Release|Any CPU
		{1D368C9E-A408-493C-B3D6-FF87C122DF6E}.Release|Any CPU.Build.0 = Release|Any CPU
	EndGlobalSection
	GlobalSection(SolutionProperties) = preSolution
		HideSolutionNode = FALSE
	EndGlobalSection
	GlobalSection(ExtensibilityGlobals) = postSolution
		SolutionGuid = {115C5104-EEAA-40B4-8360-62950147D554}
	EndGlobalSection
EndGlobal
