
Microsoft Visual Studio Solution File, Format Version 12.00
# Visual Studio Version 16
VisualStudioVersion = 16.0.32002.261
MinimumVisualStudioVersion = 10.0.40219.1
Project("{FAE04EC0-301F-11D3-BF4B-00C04F79EFBC}") = "6", "6\6.csproj", "{05A725B4-9291-4493-BD34-BC7F4A9DFD56}"
EndProject
Global
	GlobalSection(SolutionConfigurationPlatforms) = preSolution
		Debug|Any CPU = Debug|Any CPU
		Release|Any CPU = Release|Any CPU
	EndGlobalSection
	GlobalSection(ProjectConfigurationPlatforms) = postSolution
		{05A725B4-9291-4493-BD34-BC7F4A9DFD56}.Debug|Any CPU.ActiveCfg = Debug|Any CPU
		{05A725B4-9291-4493-BD34-BC7F4A9DFD56}.Debug|Any CPU.Build.0 = Debug|Any CPU
		{05A725B4-9291-4493-BD34-BC7F4A9DFD56}.Release|Any CPU.ActiveCfg = Release|Any CPU
		{05A725B4-9291-4493-BD34-BC7F4A9DFD56}.Release|Any CPU.Build.0 = Release|Any CPU
	EndGlobalSection
	GlobalSection(SolutionProperties) = preSolution
		HideSolutionNode = FALSE
	EndGlobalSection
	GlobalSection(ExtensibilityGlobals) = postSolution
		SolutionGuid = {2A91BB61-84AF-4DAC-B725-7CCF2D733683}
	EndGlobalSection
EndGlobal
