
Microsoft Visual Studio Solution File, Format Version 12.00
# Visual Studio Version 16
VisualStudioVersion = 16.0.31729.503
MinimumVisualStudioVersion = 10.0.40219.1
Project("{FAE04EC0-301F-11D3-BF4B-00C04F79EFBC}") = "2", "2.csproj", "{14529C35-3DED-4B32-86A3-89E4EA00888B}"
EndProject
Global
	GlobalSection(SolutionConfigurationPlatforms) = preSolution
		Debug|Any CPU = Debug|Any CPU
		Release|Any CPU = Release|Any CPU
	EndGlobalSection
	GlobalSection(ProjectConfigurationPlatforms) = postSolution
		{14529C35-3DED-4B32-86A3-89E4EA00888B}.Debug|Any CPU.ActiveCfg = Debug|Any CPU
		{14529C35-3DED-4B32-86A3-89E4EA00888B}.Debug|Any CPU.Build.0 = Debug|Any CPU
		{14529C35-3DED-4B32-86A3-89E4EA00888B}.Release|Any CPU.ActiveCfg = Release|Any CPU
		{14529C35-3DED-4B32-86A3-89E4EA00888B}.Release|Any CPU.Build.0 = Release|Any CPU
	EndGlobalSection
	GlobalSection(SolutionProperties) = preSolution
		HideSolutionNode = FALSE
	EndGlobalSection
	GlobalSection(ExtensibilityGlobals) = postSolution
		SolutionGuid = {D49D7EBC-07AF-44DD-8EDC-9BBBEDFD6811}
	EndGlobalSection
EndGlobal
