
Microsoft Visual Studio Solution File, Format Version 12.00
# Visual Studio Version 16
VisualStudioVersion = 16.0.32002.261
MinimumVisualStudioVersion = 10.0.40219.1
Project("{FAE04EC0-301F-11D3-BF4B-00C04F79EFBC}") = "6", "6\6.csproj", "{9EA5A8ED-8E28-4894-B1C4-B8338F1E02FF}"
EndProject
Global
	GlobalSection(SolutionConfigurationPlatforms) = preSolution
		Debug|Any CPU = Debug|Any CPU
		Release|Any CPU = Release|Any CPU
	EndGlobalSection
	GlobalSection(ProjectConfigurationPlatforms) = postSolution
		{9EA5A8ED-8E28-4894-B1C4-B8338F1E02FF}.Debug|Any CPU.ActiveCfg = Debug|Any CPU
		{9EA5A8ED-8E28-4894-B1C4-B8338F1E02FF}.Debug|Any CPU.Build.0 = Debug|Any CPU
		{9EA5A8ED-8E28-4894-B1C4-B8338F1E02FF}.Release|Any CPU.ActiveCfg = Release|Any CPU
		{9EA5A8ED-8E28-4894-B1C4-B8338F1E02FF}.Release|Any CPU.Build.0 = Release|Any CPU
	EndGlobalSection
	GlobalSection(SolutionProperties) = preSolution
		HideSolutionNode = FALSE
	EndGlobalSection
	GlobalSection(ExtensibilityGlobals) = postSolution
		SolutionGuid = {8C3E2F48-ECFE-4DFD-9253-7BE6C07218E2}
	EndGlobalSection
EndGlobal
