
Microsoft Visual Studio Solution File, Format Version 12.00
# Visual Studio Version 16
VisualStudioVersion = 16.0.31515.178
MinimumVisualStudioVersion = 10.0.40219.1
Project("{8BC9CEB8-8B4A-11D0-8D11-00A0C91BC942}") = "BaekJoon004", "BaekJoon004\BaekJoon004.vcxproj", "{CD35F64A-03EE-437D-BE6F-1B632B6A0452}"
EndProject
Global
	GlobalSection(SolutionConfigurationPlatforms) = preSolution
		Debug|x64 = Debug|x64
		Debug|x86 = Debug|x86
		Release|x64 = Release|x64
		Release|x86 = Release|x86
	EndGlobalSection
	GlobalSection(ProjectConfigurationPlatforms) = postSolution
		{CD35F64A-03EE-437D-BE6F-1B632B6A0452}.Debug|x64.ActiveCfg = Debug|x64
		{CD35F64A-03EE-437D-BE6F-1B632B6A0452}.Debug|x64.Build.0 = Debug|x64
		{CD35F64A-03EE-437D-BE6F-1B632B6A0452}.Debug|x86.ActiveCfg = Debug|Win32
		{CD35F64A-03EE-437D-BE6F-1B632B6A0452}.Debug|x86.Build.0 = Debug|Win32
		{CD35F64A-03EE-437D-BE6F-1B632B6A0452}.Release|x64.ActiveCfg = Release|x64
		{CD35F64A-03EE-437D-BE6F-1B632B6A0452}.Release|x64.Build.0 = Release|x64
		{CD35F64A-03EE-437D-BE6F-1B632B6A0452}.Release|x86.ActiveCfg = Release|Win32
		{CD35F64A-03EE-437D-BE6F-1B632B6A0452}.Release|x86.Build.0 = Release|Win32
	EndGlobalSection
	GlobalSection(SolutionProperties) = preSolution
		HideSolutionNode = FALSE
	EndGlobalSection
	GlobalSection(ExtensibilityGlobals) = postSolution
		SolutionGuid = {B74D9F4F-7807-48EC-A2CB-881886F88646}
	EndGlobalSection
EndGlobal
