
Microsoft Visual Studio Solution File, Format Version 12.00
# Visual Studio Version 16
VisualStudioVersion = 16.0.31729.503
MinimumVisualStudioVersion = 10.0.40219.1
Project("{FAE04EC0-301F-11D3-BF4B-00C04F79EFBC}") = "1", "1.csproj", "{8E7885C7-71F1-43BF-9DF7-4A5FF7E724BC}"
EndProject
Global
	GlobalSection(SolutionConfigurationPlatforms) = preSolution
		Debug|Any CPU = Debug|Any CPU
		Release|Any CPU = Release|Any CPU
	EndGlobalSection
	GlobalSection(ProjectConfigurationPlatforms) = postSolution
		{8E7885C7-71F1-43BF-9DF7-4A5FF7E724BC}.Debug|Any CPU.ActiveCfg = Debug|Any CPU
		{8E7885C7-71F1-43BF-9DF7-4A5FF7E724BC}.Debug|Any CPU.Build.0 = Debug|Any CPU
		{8E7885C7-71F1-43BF-9DF7-4A5FF7E724BC}.Release|Any CPU.ActiveCfg = Release|Any CPU
		{8E7885C7-71F1-43BF-9DF7-4A5FF7E724BC}.Release|Any CPU.Build.0 = Release|Any CPU
	EndGlobalSection
	GlobalSection(SolutionProperties) = preSolution
		HideSolutionNode = FALSE
	EndGlobalSection
	GlobalSection(ExtensibilityGlobals) = postSolution
		SolutionGuid = {DC774DC9-BCEA-4CB4-8220-991A61350844}
	EndGlobalSection
EndGlobal
