
Microsoft Visual Studio Solution File, Format Version 12.00
# Visual Studio Version 16
VisualStudioVersion = 16.0.32002.261
MinimumVisualStudioVersion = 10.0.40219.1
Project("{FAE04EC0-301F-11D3-BF4B-00C04F79EFBC}") = "7", "7\7.csproj", "{10961B76-BC6A-41C1-8880-3047728C3DEC}"
EndProject
Global
	GlobalSection(SolutionConfigurationPlatforms) = preSolution
		Debug|Any CPU = Debug|Any CPU
		Release|Any CPU = Release|Any CPU
	EndGlobalSection
	GlobalSection(ProjectConfigurationPlatforms) = postSolution
		{10961B76-BC6A-41C1-8880-3047728C3DEC}.Debug|Any CPU.ActiveCfg = Debug|Any CPU
		{10961B76-BC6A-41C1-8880-3047728C3DEC}.Debug|Any CPU.Build.0 = Debug|Any CPU
		{10961B76-BC6A-41C1-8880-3047728C3DEC}.Release|Any CPU.ActiveCfg = Release|Any CPU
		{10961B76-BC6A-41C1-8880-3047728C3DEC}.Release|Any CPU.Build.0 = Release|Any CPU
	EndGlobalSection
	GlobalSection(SolutionProperties) = preSolution
		HideSolutionNode = FALSE
	EndGlobalSection
	GlobalSection(ExtensibilityGlobals) = postSolution
		SolutionGuid = {447545CA-BCFE-4C3D-A719-BF47D61C003F}
	EndGlobalSection
EndGlobal
