
Microsoft Visual Studio Solution File, Format Version 12.00
# Visual Studio Version 16
VisualStudioVersion = 16.0.32002.261
MinimumVisualStudioVersion = 10.0.40219.1
Project("{FAE04EC0-301F-11D3-BF4B-00C04F79EFBC}") = "신고 결과 받기", "신고 결과 받기.csproj", "{64112FED-D491-4F7E-90D7-6B757AA69752}"
EndProject
Global
	GlobalSection(SolutionConfigurationPlatforms) = preSolution
		Debug|Any CPU = Debug|Any CPU
		Release|Any CPU = Release|Any CPU
	EndGlobalSection
	GlobalSection(ProjectConfigurationPlatforms) = postSolution
		{64112FED-D491-4F7E-90D7-6B757AA69752}.Debug|Any CPU.ActiveCfg = Debug|Any CPU
		{64112FED-D491-4F7E-90D7-6B757AA69752}.Debug|Any CPU.Build.0 = Debug|Any CPU
		{64112FED-D491-4F7E-90D7-6B757AA69752}.Release|Any CPU.ActiveCfg = Release|Any CPU
		{64112FED-D491-4F7E-90D7-6B757AA69752}.Release|Any CPU.Build.0 = Release|Any CPU
	EndGlobalSection
	GlobalSection(SolutionProperties) = preSolution
		HideSolutionNode = FALSE
	EndGlobalSection
	GlobalSection(ExtensibilityGlobals) = postSolution
		SolutionGuid = {D3C56C31-7550-41A5-BD7D-DAEBD8AAC617}
	EndGlobalSection
EndGlobal
