
Microsoft Visual Studio Solution File, Format Version 12.00
# Visual Studio Version 16
VisualStudioVersion = 16.0.32002.261
MinimumVisualStudioVersion = 10.0.40219.1
Project("{FAE04EC0-301F-11D3-BF4B-00C04F79EFBC}") = "4", "4\4.csproj", "{1AD7D320-94F0-4AA3-B20E-9E4CBE0F034A}"
EndProject
Global
	GlobalSection(SolutionConfigurationPlatforms) = preSolution
		Debug|Any CPU = Debug|Any CPU
		Release|Any CPU = Release|Any CPU
	EndGlobalSection
	GlobalSection(ProjectConfigurationPlatforms) = postSolution
		{1AD7D320-94F0-4AA3-B20E-9E4CBE0F034A}.Debug|Any CPU.ActiveCfg = Debug|Any CPU
		{1AD7D320-94F0-4AA3-B20E-9E4CBE0F034A}.Debug|Any CPU.Build.0 = Debug|Any CPU
		{1AD7D320-94F0-4AA3-B20E-9E4CBE0F034A}.Release|Any CPU.ActiveCfg = Release|Any CPU
		{1AD7D320-94F0-4AA3-B20E-9E4CBE0F034A}.Release|Any CPU.Build.0 = Release|Any CPU
	EndGlobalSection
	GlobalSection(SolutionProperties) = preSolution
		HideSolutionNode = FALSE
	EndGlobalSection
	GlobalSection(ExtensibilityGlobals) = postSolution
		SolutionGuid = {3A174576-0465-41C0-8697-FD23B9924849}
	EndGlobalSection
EndGlobal
