
Microsoft Visual Studio Solution File, Format Version 12.00
# Visual Studio Version 17
VisualStudioVersion = 17.0.31919.166
MinimumVisualStudioVersion = 10.0.40219.1
Project("{FAE04EC0-301F-11D3-BF4B-00C04F79EFBC}") = "1", "1.csproj", "{090F7E2F-FC45-4C95-9006-60E0182FB6FE}"
EndProject
Global
	GlobalSection(SolutionConfigurationPlatforms) = preSolution
		Debug|Any CPU = Debug|Any CPU
		Release|Any CPU = Release|Any CPU
	EndGlobalSection
	GlobalSection(ProjectConfigurationPlatforms) = postSolution
		{090F7E2F-FC45-4C95-9006-60E0182FB6FE}.Debug|Any CPU.ActiveCfg = Debug|Any CPU
		{090F7E2F-FC45-4C95-9006-60E0182FB6FE}.Debug|Any CPU.Build.0 = Debug|Any CPU
		{090F7E2F-FC45-4C95-9006-60E0182FB6FE}.Release|Any CPU.ActiveCfg = Release|Any CPU
		{090F7E2F-FC45-4C95-9006-60E0182FB6FE}.Release|Any CPU.Build.0 = Release|Any CPU
	EndGlobalSection
	GlobalSection(SolutionProperties) = preSolution
		HideSolutionNode = FALSE
	EndGlobalSection
	GlobalSection(ExtensibilityGlobals) = postSolution
		SolutionGuid = {44E8EB3F-05ED-46F0-898F-678CDA5F74F3}
	EndGlobalSection
EndGlobal
