
Microsoft Visual Studio Solution File, Format Version 12.00
# Visual Studio Version 16
VisualStudioVersion = 16.0.32002.261
MinimumVisualStudioVersion = 10.0.40219.1
Project("{FAE04EC0-301F-11D3-BF4B-00C04F79EFBC}") = "1", "1\1.csproj", "{99DEB42C-D564-46B8-87B8-11161FE82983}"
EndProject
Global
	GlobalSection(SolutionConfigurationPlatforms) = preSolution
		Debug|Any CPU = Debug|Any CPU
		Release|Any CPU = Release|Any CPU
	EndGlobalSection
	GlobalSection(ProjectConfigurationPlatforms) = postSolution
		{99DEB42C-D564-46B8-87B8-11161FE82983}.Debug|Any CPU.ActiveCfg = Debug|Any CPU
		{99DEB42C-D564-46B8-87B8-11161FE82983}.Debug|Any CPU.Build.0 = Debug|Any CPU
		{99DEB42C-D564-46B8-87B8-11161FE82983}.Release|Any CPU.ActiveCfg = Release|Any CPU
		{99DEB42C-D564-46B8-87B8-11161FE82983}.Release|Any CPU.Build.0 = Release|Any CPU
	EndGlobalSection
	GlobalSection(SolutionProperties) = preSolution
		HideSolutionNode = FALSE
	EndGlobalSection
	GlobalSection(ExtensibilityGlobals) = postSolution
		SolutionGuid = {266C0DDB-DDAF-4D15-A982-6CA299DC9D31}
	EndGlobalSection
EndGlobal
