
Microsoft Visual Studio Solution File, Format Version 12.00
# Visual Studio Version 16
VisualStudioVersion = 16.0.32002.261
MinimumVisualStudioVersion = 10.0.40219.1
Project("{FAE04EC0-301F-11D3-BF4B-00C04F79EFBC}") = "5", "5\5.csproj", "{95A0A512-BDCA-4A7F-963C-8FD2575928EF}"
EndProject
Global
	GlobalSection(SolutionConfigurationPlatforms) = preSolution
		Debug|Any CPU = Debug|Any CPU
		Release|Any CPU = Release|Any CPU
	EndGlobalSection
	GlobalSection(ProjectConfigurationPlatforms) = postSolution
		{95A0A512-BDCA-4A7F-963C-8FD2575928EF}.Debug|Any CPU.ActiveCfg = Debug|Any CPU
		{95A0A512-BDCA-4A7F-963C-8FD2575928EF}.Debug|Any CPU.Build.0 = Debug|Any CPU
		{95A0A512-BDCA-4A7F-963C-8FD2575928EF}.Release|Any CPU.ActiveCfg = Release|Any CPU
		{95A0A512-BDCA-4A7F-963C-8FD2575928EF}.Release|Any CPU.Build.0 = Release|Any CPU
	EndGlobalSection
	GlobalSection(SolutionProperties) = preSolution
		HideSolutionNode = FALSE
	EndGlobalSection
	GlobalSection(ExtensibilityGlobals) = postSolution
		SolutionGuid = {67BDCC76-01AE-44D0-B1D8-DBF56781B9FA}
	EndGlobalSection
EndGlobal
