
Microsoft Visual Studio Solution File, Format Version 12.00
# Visual Studio Version 16
VisualStudioVersion = 16.0.32002.261
MinimumVisualStudioVersion = 10.0.40219.1
Project("{FAE04EC0-301F-11D3-BF4B-00C04F79EFBC}") = "1", "1\1.csproj", "{396151DE-9736-4957-B6D5-F4F9AD92C4B5}"
EndProject
Global
	GlobalSection(SolutionConfigurationPlatforms) = preSolution
		Debug|Any CPU = Debug|Any CPU
		Release|Any CPU = Release|Any CPU
	EndGlobalSection
	GlobalSection(ProjectConfigurationPlatforms) = postSolution
		{396151DE-9736-4957-B6D5-F4F9AD92C4B5}.Debug|Any CPU.ActiveCfg = Debug|Any CPU
		{396151DE-9736-4957-B6D5-F4F9AD92C4B5}.Debug|Any CPU.Build.0 = Debug|Any CPU
		{396151DE-9736-4957-B6D5-F4F9AD92C4B5}.Release|Any CPU.ActiveCfg = Release|Any CPU
		{396151DE-9736-4957-B6D5-F4F9AD92C4B5}.Release|Any CPU.Build.0 = Release|Any CPU
	EndGlobalSection
	GlobalSection(SolutionProperties) = preSolution
		HideSolutionNode = FALSE
	EndGlobalSection
	GlobalSection(ExtensibilityGlobals) = postSolution
		SolutionGuid = {FB2BAE3A-0CD8-42A0-8D5E-6DCF69649269}
	EndGlobalSection
EndGlobal
