
Microsoft Visual Studio Solution File, Format Version 12.00
# Visual Studio Version 16
VisualStudioVersion = 16.0.31729.503
MinimumVisualStudioVersion = 10.0.40219.1
Project("{FAE04EC0-301F-11D3-BF4B-00C04F79EFBC}") = "7", "7.csproj", "{DB0A685C-AEF6-4636-9899-F68A8A7A06FB}"
EndProject
Global
	GlobalSection(SolutionConfigurationPlatforms) = preSolution
		Debug|Any CPU = Debug|Any CPU
		Release|Any CPU = Release|Any CPU
	EndGlobalSection
	GlobalSection(ProjectConfigurationPlatforms) = postSolution
		{DB0A685C-AEF6-4636-9899-F68A8A7A06FB}.Debug|Any CPU.ActiveCfg = Debug|Any CPU
		{DB0A685C-AEF6-4636-9899-F68A8A7A06FB}.Debug|Any CPU.Build.0 = Debug|Any CPU
		{DB0A685C-AEF6-4636-9899-F68A8A7A06FB}.Release|Any CPU.ActiveCfg = Release|Any CPU
		{DB0A685C-AEF6-4636-9899-F68A8A7A06FB}.Release|Any CPU.Build.0 = Release|Any CPU
	EndGlobalSection
	GlobalSection(SolutionProperties) = preSolution
		HideSolutionNode = FALSE
	EndGlobalSection
	GlobalSection(ExtensibilityGlobals) = postSolution
		SolutionGuid = {3A3A714E-E4D8-4148-988C-7436B10D67E8}
	EndGlobalSection
EndGlobal
