
Microsoft Visual Studio Solution File, Format Version 12.00
# Visual Studio Version 16
VisualStudioVersion = 16.0.32002.261
MinimumVisualStudioVersion = 10.0.40219.1
Project("{FAE04EC0-301F-11D3-BF4B-00C04F79EFBC}") = "3", "3\3.csproj", "{C8E48ECC-6AD5-47F0-9AA7-C0A04B8BAB7B}"
EndProject
Global
	GlobalSection(SolutionConfigurationPlatforms) = preSolution
		Debug|Any CPU = Debug|Any CPU
		Release|Any CPU = Release|Any CPU
	EndGlobalSection
	GlobalSection(ProjectConfigurationPlatforms) = postSolution
		{C8E48ECC-6AD5-47F0-9AA7-C0A04B8BAB7B}.Debug|Any CPU.ActiveCfg = Debug|Any CPU
		{C8E48ECC-6AD5-47F0-9AA7-C0A04B8BAB7B}.Debug|Any CPU.Build.0 = Debug|Any CPU
		{C8E48ECC-6AD5-47F0-9AA7-C0A04B8BAB7B}.Release|Any CPU.ActiveCfg = Release|Any CPU
		{C8E48ECC-6AD5-47F0-9AA7-C0A04B8BAB7B}.Release|Any CPU.Build.0 = Release|Any CPU
	EndGlobalSection
	GlobalSection(SolutionProperties) = preSolution
		HideSolutionNode = FALSE
	EndGlobalSection
	GlobalSection(ExtensibilityGlobals) = postSolution
		SolutionGuid = {FF21E2DF-F17F-4603-87C7-D8AB7B39CCFB}
	EndGlobalSection
EndGlobal
