
Microsoft Visual Studio Solution File, Format Version 12.00
# Visual Studio Version 16
VisualStudioVersion = 16.0.31729.503
MinimumVisualStudioVersion = 10.0.40219.1
Project("{FAE04EC0-301F-11D3-BF4B-00C04F79EFBC}") = "9", "9.csproj", "{0F352602-C46A-470E-B9F5-772175BB5831}"
EndProject
Global
	GlobalSection(SolutionConfigurationPlatforms) = preSolution
		Debug|Any CPU = Debug|Any CPU
		Release|Any CPU = Release|Any CPU
	EndGlobalSection
	GlobalSection(ProjectConfigurationPlatforms) = postSolution
		{0F352602-C46A-470E-B9F5-772175BB5831}.Debug|Any CPU.ActiveCfg = Debug|Any CPU
		{0F352602-C46A-470E-B9F5-772175BB5831}.Debug|Any CPU.Build.0 = Debug|Any CPU
		{0F352602-C46A-470E-B9F5-772175BB5831}.Release|Any CPU.ActiveCfg = Release|Any CPU
		{0F352602-C46A-470E-B9F5-772175BB5831}.Release|Any CPU.Build.0 = Release|Any CPU
	EndGlobalSection
	GlobalSection(SolutionProperties) = preSolution
		HideSolutionNode = FALSE
	EndGlobalSection
	GlobalSection(ExtensibilityGlobals) = postSolution
		SolutionGuid = {42732564-7529-44DE-B94D-6B174F76BFAC}
	EndGlobalSection
EndGlobal
